
Microsoft Visual Studio Solution File, Format Version 12.00
# Visual Studio Express 2013 for Web
VisualStudioVersion = 12.0.31101.0
MinimumVisualStudioVersion = 10.0.40219.1
Project("{FAE04EC0-301F-11D3-BF4B-00C04F79EFBC}") = "Menuwrap", "Menuwrap\Menuwrap.csproj", "{13DEE7EB-031E-40D6-BE73-DBF6202E405B}"
EndProject
Project("{2150E333-8FDC-42A3-9474-1A3956D46DE8}") = "Presentation Layer", "Presentation Layer", "{48649EE7-3DF5-444F-89EC-C5999581C4F5}"
EndProject
Project("{2150E333-8FDC-42A3-9474-1A3956D46DE8}") = "Service Layer", "Service Layer", "{50FBE450-EC27-4B23-9E96-31F99196A415}"
EndProject
Project("{2150E333-8FDC-42A3-9474-1A3956D46DE8}") = "Data Access Layer", "Data Access Layer", "{1B461059-0CC1-4A19-838A-7C5040410496}"
EndProject
Project("{FAE04EC0-301F-11D3-BF4B-00C04F79EFBC}") = "DataAccessLayer", "DataAccessLayer\DataAccessLayer.csproj", "{C9F52CA8-5A4E-4931-8B5B-73A46B6919AA}"
EndProject
Project("{FAE04EC0-301F-11D3-BF4B-00C04F79EFBC}") = "ServiceLayer", "ServiceLayer\ServiceLayer.csproj", "{2FCCDBD3-8A8B-43DB-871C-3953B3B3DF5B}"
EndProject
Project("{FAE04EC0-301F-11D3-BF4B-00C04F79EFBC}") = "Repository", "Repository\Repository.csproj", "{E217E835-CCD4-4C64-A817-CF73E4F70895}"
EndProject
Global
	GlobalSection(SolutionConfigurationPlatforms) = preSolution
		Debug|Any CPU = Debug|Any CPU
		Release|Any CPU = Release|Any CPU
	EndGlobalSection
	GlobalSection(ProjectConfigurationPlatforms) = postSolution
		{13DEE7EB-031E-40D6-BE73-DBF6202E405B}.Debug|Any CPU.ActiveCfg = Debug|Any CPU
		{13DEE7EB-031E-40D6-BE73-DBF6202E405B}.Debug|Any CPU.Build.0 = Debug|Any CPU
		{13DEE7EB-031E-40D6-BE73-DBF6202E405B}.Release|Any CPU.ActiveCfg = Release|Any CPU
		{13DEE7EB-031E-40D6-BE73-DBF6202E405B}.Release|Any CPU.Build.0 = Release|Any CPU
		{C9F52CA8-5A4E-4931-8B5B-73A46B6919AA}.Debug|Any CPU.ActiveCfg = Debug|Any CPU
		{C9F52CA8-5A4E-4931-8B5B-73A46B6919AA}.Debug|Any CPU.Build.0 = Debug|Any CPU
		{C9F52CA8-5A4E-4931-8B5B-73A46B6919AA}.Release|Any CPU.ActiveCfg = Release|Any CPU
		{C9F52CA8-5A4E-4931-8B5B-73A46B6919AA}.Release|Any CPU.Build.0 = Release|Any CPU
		{2FCCDBD3-8A8B-43DB-871C-3953B3B3DF5B}.Debug|Any CPU.ActiveCfg = Debug|Any CPU
		{2FCCDBD3-8A8B-43DB-871C-3953B3B3DF5B}.Debug|Any CPU.Build.0 = Debug|Any CPU
		{2FCCDBD3-8A8B-43DB-871C-3953B3B3DF5B}.Release|Any CPU.ActiveCfg = Release|Any CPU
		{2FCCDBD3-8A8B-43DB-871C-3953B3B3DF5B}.Release|Any CPU.Build.0 = Release|Any CPU
		{E217E835-CCD4-4C64-A817-CF73E4F70895}.Debug|Any CPU.ActiveCfg = Debug|Any CPU
		{E217E835-CCD4-4C64-A817-CF73E4F70895}.Debug|Any CPU.Build.0 = Debug|Any CPU
		{E217E835-CCD4-4C64-A817-CF73E4F70895}.Release|Any CPU.ActiveCfg = Release|Any CPU
		{E217E835-CCD4-4C64-A817-CF73E4F70895}.Release|Any CPU.Build.0 = Release|Any CPU
	EndGlobalSection
	GlobalSection(SolutionProperties) = preSolution
		HideSolutionNode = FALSE
	EndGlobalSection
	GlobalSection(NestedProjects) = preSolution
		{13DEE7EB-031E-40D6-BE73-DBF6202E405B} = {48649EE7-3DF5-444F-89EC-C5999581C4F5}
		{C9F52CA8-5A4E-4931-8B5B-73A46B6919AA} = {1B461059-0CC1-4A19-838A-7C5040410496}
		{2FCCDBD3-8A8B-43DB-871C-3953B3B3DF5B} = {50FBE450-EC27-4B23-9E96-31F99196A415}
		{E217E835-CCD4-4C64-A817-CF73E4F70895} = {1B461059-0CC1-4A19-838A-7C5040410496}
	EndGlobalSection
EndGlobal
